# This file is autogenerated, do not edit; changes may be undone by the next 'dep ensure'.


[[projects]]
  branch = "master"
  name = "github.com/aristanetworks/goarista"
  packages = ["monotime"]
  revision = "8ab803d6502ea1e05a8c9b73193b405291efb7ce"

[[projects]]
  name = "github.com/inconshreveable/log15"
  packages = [".","term"]
  revision = "b105bd37f74e5d9dc7b6ad7806715c7a2b83fd3f"
  version = "v2.11"

[[projects]]
  name = "github.com/kevinburke/handlers"
  packages = ["."]
  revision = "b68f4173c7e0843592cc3ac4ea1c066acb327ad5"
  version = "0.29"

[[projects]]
  name = "github.com/kevinburke/rest"
  packages = ["."]
  revision = "67ce29f826f2153dfdb5df53c0ff7f655efb36f0"
  version = "1.0"

[[projects]]
  name = "github.com/mattn/go-colorable"
  packages = ["."]
  revision = "941b50ebc6efddf4c41c8e4537a5f68a4e686b24"
  version = "v0.0.8"

[[projects]]
  name = "github.com/mattn/go-isatty"
  packages = ["."]
  revision = "fc9e8d8ef48496124e79ae0df75490096eccf6fe"
  version = "v0.0.2"

[[projects]]
  name = "github.com/satori/go.uuid"
  packages = ["."]
  revision = "879c5887cd475cd7864858769793b2ceb0d44feb"
  version = "v1.1.0"

[[projects]]
  branch = "master"
  name = "golang.org/x/crypto"
  packages = ["nacl/secretbox","poly1305","salsa20/salsa"]
  revision = "7f7c0c2d75ebb4e32a21396ce36e87b6dadc91c9"

[[projects]]
  branch = "master"
  name = "golang.org/x/sys"
  packages = ["unix"]
  revision = "4cd6d1a821c7175768725b55ca82f14683a29ea4"

[[projects]]
  name = "gopkg.in/inconshreveable/log15.v2"
  packages = ["stack","term"]
  revision = "dc7890abeaadcb6a79a9a5ee30bc1897bbf97713"
  version = "v2.10"

[[projects]]
  branch = "v2"
  name = "gopkg.in/yaml.v2"
  packages = ["."]
  revision = "3b4ad1db5b2a649883ff3782f5f9f6fb52be71af"

[solve-meta]
  analyzer-name = "dep"
  analyzer-version = 1
  inputs-digest = "5a2da6480a769758178581fe1c40a93ae7d6967f66b6e468d900fb1e11bfe02c"
  solver-name = "gps-cdcl"
  solver-version = 1
